
Microsoft Visual Studio Solution File, Format Version 12.00
# Visual Studio Version 17
VisualStudioVersion = 17.8.34330.188
MinimumVisualStudioVersion = 10.0.40219.1
Project("{FAE04EC0-301F-11D3-BF4B-00C04F79EFBC}") = "CinemaAPI", "CinemaAPI\CinemaAPI.csproj", "{5F870A67-3E20-4499-92A5-F36CFE72DE87}"
EndProject
Global
	GlobalSection(SolutionConfigurationPlatforms) = preSolution
		Debug|Any CPU = Debug|Any CPU
		Release|Any CPU = Release|Any CPU
	EndGlobalSection
	GlobalSection(ProjectConfigurationPlatforms) = postSolution
		{5F870A67-3E20-4499-92A5-F36CFE72DE87}.Debug|Any CPU.ActiveCfg = Debug|Any CPU
		{5F870A67-3E20-4499-92A5-F36CFE72DE87}.Debug|Any CPU.Build.0 = Debug|Any CPU
		{5F870A67-3E20-4499-92A5-F36CFE72DE87}.Release|Any CPU.ActiveCfg = Release|Any CPU
		{5F870A67-3E20-4499-92A5-F36CFE72DE87}.Release|Any CPU.Build.0 = Release|Any CPU
	EndGlobalSection
	GlobalSection(SolutionProperties) = preSolution
		HideSolutionNode = FALSE
	EndGlobalSection
	GlobalSection(ExtensibilityGlobals) = postSolution
		SolutionGuid = {8DC4623F-73E9-4584-85E8-E76F632145B9}
	EndGlobalSection
EndGlobal
